speakeasyVersion: 1.401.2
sources:
    openapi:
        sourceNamespace: openapi
        sourceRevisionDigest: sha256:6a8ece3e0152d024847477a897bf45f36db26ce973667fe87361980077ef713f
        sourceBlobDigest: sha256:9ed21afb1191003cf67f0c0e5735d08eb0d8b07ae141d7479d5c84ef9f221fb4
        tags:
            - latest
            - main
targets:
    first-target:
        source: openapi
        sourceNamespace: openapi
        sourceRevisionDigest: sha256:6a8ece3e0152d024847477a897bf45f36db26ce973667fe87361980077ef713f
        sourceBlobDigest: sha256:9ed21afb1191003cf67f0c0e5735d08eb0d8b07ae141d7479d5c84ef9f221fb4
        codeSamplesNamespace: openapi-code-samples
        codeSamplesRevisionDigest: sha256:5ffb891db6f12ae97b0d2a11181e5615a72e70854e5de83469968ae8e02ba333
workflow:
    workflowVersion: 1.0.0
    speakeasyVersion: latest
    sources:
        openapi:
            inputs:
                - location: https://docs.goshippo.com/spec/shippoapi/public-api.yaml
            registry:
                location: registry.speakeasyapi.dev/shippo/shippo/openapi
    targets:
        first-target:
            target: typescript
            source: openapi
            publish:
                npm:
                    token: $npm_token
            codeSamples:
                output: ""
                registry:
                    location: registry.speakeasyapi.dev/shippo/shippo/openapi-code-samples
