speakeasyVersion: 1.299.4
sources:
    openapi:
        sourceNamespace: openapi
        sourceRevisionDigest: sha256:809852a1888d2a908db04ce03869b0574aa407b7852244bf26c7de05e9c6ae91
        sourceBlobDigest: sha256:cb40025f1badac09cf5837db332862318944783ab4c57e2c37e8cfc698ca7793
        tags:
            - latest
            - remove-transaction-response-type
targets:
    first-target:
        source: openapi
        sourceNamespace: openapi
        sourceRevisionDigest: sha256:809852a1888d2a908db04ce03869b0574aa407b7852244bf26c7de05e9c6ae91
        sourceBlobDigest: sha256:cb40025f1badac09cf5837db332862318944783ab4c57e2c37e8cfc698ca7793
        outLocation: /github/workspace/repo
workflow:
    workflowVersion: 1.0.0
    speakeasyVersion: latest
    sources:
        openapi:
            inputs:
                - location: https://docs.goshippo.com/spec/shippoapi/public-api.yaml
            registry:
                location: registry.speakeasyapi.dev/shippo/shippo/openapi
    targets:
        first-target:
            target: typescript
            source: openapi
            publish:
                npm:
                    token: $npm_token
